
Microsoft Visual Studio Solution File, Format Version 12.00
# Visual Studio Version 16
VisualStudioVersion = 16.0.808.2
MinimumVisualStudioVersion = 10.0.40219.1
Project("{FAE04EC0-301F-11D3-BF4B-00C04F79EFBC}") = "LogAllPairsOfArray", "LogAllPairsOfArray\LogAllPairsOfArray.csproj", "{5D752127-FBDB-4553-837D-B77D462E1957}"
EndProject
Project("{FAE04EC0-301F-11D3-BF4B-00C04F79EFBC}") = "SimpleArraySum", "SimpleArraySum\SimpleArraySum.csproj", "{1736988D-5AB4-4CFF-8DC0-4FEE07925793}"
EndProject
Project("{FAE04EC0-301F-11D3-BF4B-00C04F79EFBC}") = "CompareTheTriplets", "CompareTheTriplets\CompareTheTriplets.csproj", "{668BAFC7-7F0E-4AEC-A3C0-1B3FB0153C40}"
EndProject
Project("{FAE04EC0-301F-11D3-BF4B-00C04F79EFBC}") = "DiagonalDifference", "DiagonalDifference\DiagonalDifference.csproj", "{E73BF4C1-3BF1-4204-938D-675D9AEE243D}"
EndProject
Project("{FAE04EC0-301F-11D3-BF4B-00C04F79EFBC}") = "PlusMinus", "PlusMinus\PlusMinus.csproj", "{6EC7D464-493F-47D3-961E-3D7BBC030119}"
EndProject
Project("{FAE04EC0-301F-11D3-BF4B-00C04F79EFBC}") = "CountingValleys", "CountingValleys\CountingValleys.csproj", "{E60CC7DE-EE23-4578-8958-691EAC15AAA8}"
EndProject
Project("{FAE04EC0-301F-11D3-BF4B-00C04F79EFBC}") = "RightAlignedStaircase", "RightAlignedStaircase\RightAlignedStaircase.csproj", "{D08E63AF-47A1-4974-B7DE-78847A1CC678}"
EndProject
Project("{FAE04EC0-301F-11D3-BF4B-00C04F79EFBC}") = "MiniMaxSum", "MiniMaxSum\MiniMaxSum.csproj", "{396262AF-496A-46D5-AA20-03F2531D7060}"
EndProject
Project("{FAE04EC0-301F-11D3-BF4B-00C04F79EFBC}") = "MiniMaxSumV2", "MiniMaxSumV2\MiniMaxSumV2.csproj", "{8524EE5E-4B9B-4ABE-A604-3A0D0FE779FC}"
EndProject
Project("{FAE04EC0-301F-11D3-BF4B-00C04F79EFBC}") = "ReverseArray", "ReverseArray\ReverseArray.csproj", "{98FA4298-9135-4B89-AB73-8B64B1E8963E}"
EndProject
Project("{FAE04EC0-301F-11D3-BF4B-00C04F79EFBC}") = "BirthdayCakeCandles", "BirthdayCakeCandles\BirthdayCakeCandles.csproj", "{037B7B55-6BC0-4393-B945-01E925994913}"
EndProject
Project("{FAE04EC0-301F-11D3-BF4B-00C04F79EFBC}") = "TimeConversion", "TimeConversion\TimeConversion.csproj", "{0141841F-0593-46B3-81DB-BB09625B7B1A}"
EndProject
Project("{FAE04EC0-301F-11D3-BF4B-00C04F79EFBC}") = "ApplesHouseOranges", "ApplesHouseOranges\ApplesHouseOranges.csproj", "{91AE5E37-0201-4BCA-A6F9-1C53D18A994A}"
EndProject
Project("{FAE04EC0-301F-11D3-BF4B-00C04F79EFBC}") = "JumpingOnTheClouds", "JumpingOnTheClouds\JumpingOnTheClouds.csproj", "{03BBBFF8-AEF6-4618-8607-BDBD64A37FF5}"
EndProject
Project("{FAE04EC0-301F-11D3-BF4B-00C04F79EFBC}") = "SalesByMatch", "SalesByMatch\SalesByMatch.csproj", "{5B0EC247-AF6E-4CD5-BC38-A63E4D7650A4}"
EndProject
Project("{FAE04EC0-301F-11D3-BF4B-00C04F79EFBC}") = "zTests", "zTests\zTests.csproj", "{67D1C3C4-A317-4A02-B65E-93703E4264BD}"
EndProject
Project("{FAE04EC0-301F-11D3-BF4B-00C04F79EFBC}") = "OddNumbersInRange", "OddNumbersInRange\OddNumbersInRange.csproj", "{81081549-4690-4C50-BACC-8DCB9EC9ADC9}"
EndProject
Project("{FAE04EC0-301F-11D3-BF4B-00C04F79EFBC}") = "zTest2", "zTest2\zTest2.csproj", "{0965B2FD-178E-4943-994D-F131924CA84C}"
EndProject
Project("{FAE04EC0-301F-11D3-BF4B-00C04F79EFBC}") = "RepeatedString", "RepeatedString\RepeatedString.csproj", "{59C9F11C-55B2-4CBB-A10A-D23078CC3237}"
EndProject
Project("{FAE04EC0-301F-11D3-BF4B-00C04F79EFBC}") = "CamelCase", "CamelCase\CamelCase.csproj", "{E85A685A-E4C6-4C23-A967-1C7D24E9BBB1}"
EndProject
Project("{FAE04EC0-301F-11D3-BF4B-00C04F79EFBC}") = "GradingStudentsRound", "GradingStudentsRound\GradingStudentsRound.csproj", "{17B36CD4-6608-42DF-B7FE-AE6CBE572CA3}"
EndProject
Project("{FAE04EC0-301F-11D3-BF4B-00C04F79EFBC}") = "EvenOddSplitInput", "EvenOddSplitInput\EvenOddSplitInput.csproj", "{2E7B82DC-8EEA-4F5B-93B6-241B9611F96B}"
EndProject
Project("{FAE04EC0-301F-11D3-BF4B-00C04F79EFBC}") = "BestAndWorstRecords", "BestAndWorstRecords\BestAndWorstRecords.csproj", "{B2308FC9-8C50-48B3-A82F-D5FD87A69077}"
EndProject
Project("{FAE04EC0-301F-11D3-BF4B-00C04F79EFBC}") = "ReverseArrayV2", "ReverseArrayV2\ReverseArrayV2.csproj", "{6A9944E2-F6A3-48E2-97F2-5D39D4E8D76B}"
EndProject
Project("{FAE04EC0-301F-11D3-BF4B-00C04F79EFBC}") = "NumberLIneJumpsKangaroo", "NumberLIneJumpsKangaroo\NumberLIneJumpsKangaroo.csproj", "{7E241D5C-A37C-4F5D-9E1D-B20A3129A5A3}"
EndProject
Project("{FAE04EC0-301F-11D3-BF4B-00C04F79EFBC}") = "PhoneBookDictionary", "PhoneBookDictionary\PhoneBookDictionary.csproj", "{232043C5-0564-4BA6-A6B4-268CF48DA6DF}"
EndProject
Global
	GlobalSection(SolutionConfigurationPlatforms) = preSolution
		Debug|Any CPU = Debug|Any CPU
		Release|Any CPU = Release|Any CPU
	EndGlobalSection
	GlobalSection(ProjectConfigurationPlatforms) = postSolution
		{5D752127-FBDB-4553-837D-B77D462E1957}.Debug|Any CPU.ActiveCfg = Debug|Any CPU
		{5D752127-FBDB-4553-837D-B77D462E1957}.Debug|Any CPU.Build.0 = Debug|Any CPU
		{5D752127-FBDB-4553-837D-B77D462E1957}.Release|Any CPU.ActiveCfg = Release|Any CPU
		{5D752127-FBDB-4553-837D-B77D462E1957}.Release|Any CPU.Build.0 = Release|Any CPU
		{1736988D-5AB4-4CFF-8DC0-4FEE07925793}.Debug|Any CPU.ActiveCfg = Debug|Any CPU
		{1736988D-5AB4-4CFF-8DC0-4FEE07925793}.Debug|Any CPU.Build.0 = Debug|Any CPU
		{1736988D-5AB4-4CFF-8DC0-4FEE07925793}.Release|Any CPU.ActiveCfg = Release|Any CPU
		{1736988D-5AB4-4CFF-8DC0-4FEE07925793}.Release|Any CPU.Build.0 = Release|Any CPU
		{668BAFC7-7F0E-4AEC-A3C0-1B3FB0153C40}.Debug|Any CPU.ActiveCfg = Debug|Any CPU
		{668BAFC7-7F0E-4AEC-A3C0-1B3FB0153C40}.Debug|Any CPU.Build.0 = Debug|Any CPU
		{668BAFC7-7F0E-4AEC-A3C0-1B3FB0153C40}.Release|Any CPU.ActiveCfg = Release|Any CPU
		{668BAFC7-7F0E-4AEC-A3C0-1B3FB0153C40}.Release|Any CPU.Build.0 = Release|Any CPU
		{E73BF4C1-3BF1-4204-938D-675D9AEE243D}.Debug|Any CPU.ActiveCfg = Debug|Any CPU
		{E73BF4C1-3BF1-4204-938D-675D9AEE243D}.Debug|Any CPU.Build.0 = Debug|Any CPU
		{E73BF4C1-3BF1-4204-938D-675D9AEE243D}.Release|Any CPU.ActiveCfg = Release|Any CPU
		{E73BF4C1-3BF1-4204-938D-675D9AEE243D}.Release|Any CPU.Build.0 = Release|Any CPU
		{6EC7D464-493F-47D3-961E-3D7BBC030119}.Debug|Any CPU.ActiveCfg = Debug|Any CPU
		{6EC7D464-493F-47D3-961E-3D7BBC030119}.Debug|Any CPU.Build.0 = Debug|Any CPU
		{6EC7D464-493F-47D3-961E-3D7BBC030119}.Release|Any CPU.ActiveCfg = Release|Any CPU
		{6EC7D464-493F-47D3-961E-3D7BBC030119}.Release|Any CPU.Build.0 = Release|Any CPU
		{E60CC7DE-EE23-4578-8958-691EAC15AAA8}.Debug|Any CPU.ActiveCfg = Debug|Any CPU
		{E60CC7DE-EE23-4578-8958-691EAC15AAA8}.Debug|Any CPU.Build.0 = Debug|Any CPU
		{E60CC7DE-EE23-4578-8958-691EAC15AAA8}.Release|Any CPU.ActiveCfg = Release|Any CPU
		{E60CC7DE-EE23-4578-8958-691EAC15AAA8}.Release|Any CPU.Build.0 = Release|Any CPU
		{D08E63AF-47A1-4974-B7DE-78847A1CC678}.Debug|Any CPU.ActiveCfg = Debug|Any CPU
		{D08E63AF-47A1-4974-B7DE-78847A1CC678}.Debug|Any CPU.Build.0 = Debug|Any CPU
		{D08E63AF-47A1-4974-B7DE-78847A1CC678}.Release|Any CPU.ActiveCfg = Release|Any CPU
		{D08E63AF-47A1-4974-B7DE-78847A1CC678}.Release|Any CPU.Build.0 = Release|Any CPU
		{396262AF-496A-46D5-AA20-03F2531D7060}.Debug|Any CPU.ActiveCfg = Debug|Any CPU
		{396262AF-496A-46D5-AA20-03F2531D7060}.Debug|Any CPU.Build.0 = Debug|Any CPU
		{396262AF-496A-46D5-AA20-03F2531D7060}.Release|Any CPU.ActiveCfg = Release|Any CPU
		{396262AF-496A-46D5-AA20-03F2531D7060}.Release|Any CPU.Build.0 = Release|Any CPU
		{8524EE5E-4B9B-4ABE-A604-3A0D0FE779FC}.Debug|Any CPU.ActiveCfg = Debug|Any CPU
		{8524EE5E-4B9B-4ABE-A604-3A0D0FE779FC}.Debug|Any CPU.Build.0 = Debug|Any CPU
		{8524EE5E-4B9B-4ABE-A604-3A0D0FE779FC}.Release|Any CPU.ActiveCfg = Release|Any CPU
		{8524EE5E-4B9B-4ABE-A604-3A0D0FE779FC}.Release|Any CPU.Build.0 = Release|Any CPU
		{98FA4298-9135-4B89-AB73-8B64B1E8963E}.Debug|Any CPU.ActiveCfg = Debug|Any CPU
		{98FA4298-9135-4B89-AB73-8B64B1E8963E}.Debug|Any CPU.Build.0 = Debug|Any CPU
		{98FA4298-9135-4B89-AB73-8B64B1E8963E}.Release|Any CPU.ActiveCfg = Release|Any CPU
		{98FA4298-9135-4B89-AB73-8B64B1E8963E}.Release|Any CPU.Build.0 = Release|Any CPU
		{037B7B55-6BC0-4393-B945-01E925994913}.Debug|Any CPU.ActiveCfg = Debug|Any CPU
		{037B7B55-6BC0-4393-B945-01E925994913}.Debug|Any CPU.Build.0 = Debug|Any CPU
		{037B7B55-6BC0-4393-B945-01E925994913}.Release|Any CPU.ActiveCfg = Release|Any CPU
		{037B7B55-6BC0-4393-B945-01E925994913}.Release|Any CPU.Build.0 = Release|Any CPU
		{0141841F-0593-46B3-81DB-BB09625B7B1A}.Debug|Any CPU.ActiveCfg = Debug|Any CPU
		{0141841F-0593-46B3-81DB-BB09625B7B1A}.Debug|Any CPU.Build.0 = Debug|Any CPU
		{0141841F-0593-46B3-81DB-BB09625B7B1A}.Release|Any CPU.ActiveCfg = Release|Any CPU
		{0141841F-0593-46B3-81DB-BB09625B7B1A}.Release|Any CPU.Build.0 = Release|Any CPU
		{91AE5E37-0201-4BCA-A6F9-1C53D18A994A}.Debug|Any CPU.ActiveCfg = Debug|Any CPU
		{91AE5E37-0201-4BCA-A6F9-1C53D18A994A}.Debug|Any CPU.Build.0 = Debug|Any CPU
		{91AE5E37-0201-4BCA-A6F9-1C53D18A994A}.Release|Any CPU.ActiveCfg = Release|Any CPU
		{91AE5E37-0201-4BCA-A6F9-1C53D18A994A}.Release|Any CPU.Build.0 = Release|Any CPU
		{03BBBFF8-AEF6-4618-8607-BDBD64A37FF5}.Debug|Any CPU.ActiveCfg = Debug|Any CPU
		{03BBBFF8-AEF6-4618-8607-BDBD64A37FF5}.Debug|Any CPU.Build.0 = Debug|Any CPU
		{03BBBFF8-AEF6-4618-8607-BDBD64A37FF5}.Release|Any CPU.ActiveCfg = Release|Any CPU
		{03BBBFF8-AEF6-4618-8607-BDBD64A37FF5}.Release|Any CPU.Build.0 = Release|Any CPU
		{5B0EC247-AF6E-4CD5-BC38-A63E4D7650A4}.Debug|Any CPU.ActiveCfg = Debug|Any CPU
		{5B0EC247-AF6E-4CD5-BC38-A63E4D7650A4}.Debug|Any CPU.Build.0 = Debug|Any CPU
		{5B0EC247-AF6E-4CD5-BC38-A63E4D7650A4}.Release|Any CPU.ActiveCfg = Release|Any CPU
		{5B0EC247-AF6E-4CD5-BC38-A63E4D7650A4}.Release|Any CPU.Build.0 = Release|Any CPU
		{67D1C3C4-A317-4A02-B65E-93703E4264BD}.Debug|Any CPU.ActiveCfg = Debug|Any CPU
		{67D1C3C4-A317-4A02-B65E-93703E4264BD}.Debug|Any CPU.Build.0 = Debug|Any CPU
		{67D1C3C4-A317-4A02-B65E-93703E4264BD}.Release|Any CPU.ActiveCfg = Release|Any CPU
		{67D1C3C4-A317-4A02-B65E-93703E4264BD}.Release|Any CPU.Build.0 = Release|Any CPU
		{81081549-4690-4C50-BACC-8DCB9EC9ADC9}.Debug|Any CPU.ActiveCfg = Debug|Any CPU
		{81081549-4690-4C50-BACC-8DCB9EC9ADC9}.Debug|Any CPU.Build.0 = Debug|Any CPU
		{81081549-4690-4C50-BACC-8DCB9EC9ADC9}.Release|Any CPU.ActiveCfg = Release|Any CPU
		{81081549-4690-4C50-BACC-8DCB9EC9ADC9}.Release|Any CPU.Build.0 = Release|Any CPU
		{0965B2FD-178E-4943-994D-F131924CA84C}.Debug|Any CPU.ActiveCfg = Debug|Any CPU
		{0965B2FD-178E-4943-994D-F131924CA84C}.Debug|Any CPU.Build.0 = Debug|Any CPU
		{0965B2FD-178E-4943-994D-F131924CA84C}.Release|Any CPU.ActiveCfg = Release|Any CPU
		{0965B2FD-178E-4943-994D-F131924CA84C}.Release|Any CPU.Build.0 = Release|Any CPU
		{59C9F11C-55B2-4CBB-A10A-D23078CC3237}.Debug|Any CPU.ActiveCfg = Debug|Any CPU
		{59C9F11C-55B2-4CBB-A10A-D23078CC3237}.Debug|Any CPU.Build.0 = Debug|Any CPU
		{59C9F11C-55B2-4CBB-A10A-D23078CC3237}.Release|Any CPU.ActiveCfg = Release|Any CPU
		{59C9F11C-55B2-4CBB-A10A-D23078CC3237}.Release|Any CPU.Build.0 = Release|Any CPU
		{E85A685A-E4C6-4C23-A967-1C7D24E9BBB1}.Debug|Any CPU.ActiveCfg = Debug|Any CPU
		{E85A685A-E4C6-4C23-A967-1C7D24E9BBB1}.Debug|Any CPU.Build.0 = Debug|Any CPU
		{E85A685A-E4C6-4C23-A967-1C7D24E9BBB1}.Release|Any CPU.ActiveCfg = Release|Any CPU
		{E85A685A-E4C6-4C23-A967-1C7D24E9BBB1}.Release|Any CPU.Build.0 = Release|Any CPU
		{17B36CD4-6608-42DF-B7FE-AE6CBE572CA3}.Debug|Any CPU.ActiveCfg = Debug|Any CPU
		{17B36CD4-6608-42DF-B7FE-AE6CBE572CA3}.Debug|Any CPU.Build.0 = Debug|Any CPU
		{17B36CD4-6608-42DF-B7FE-AE6CBE572CA3}.Release|Any CPU.ActiveCfg = Release|Any CPU
		{17B36CD4-6608-42DF-B7FE-AE6CBE572CA3}.Release|Any CPU.Build.0 = Release|Any CPU
		{2E7B82DC-8EEA-4F5B-93B6-241B9611F96B}.Debug|Any CPU.ActiveCfg = Debug|Any CPU
		{2E7B82DC-8EEA-4F5B-93B6-241B9611F96B}.Debug|Any CPU.Build.0 = Debug|Any CPU
		{2E7B82DC-8EEA-4F5B-93B6-241B9611F96B}.Release|Any CPU.ActiveCfg = Release|Any CPU
		{2E7B82DC-8EEA-4F5B-93B6-241B9611F96B}.Release|Any CPU.Build.0 = Release|Any CPU
		{B2308FC9-8C50-48B3-A82F-D5FD87A69077}.Debug|Any CPU.ActiveCfg = Debug|Any CPU
		{B2308FC9-8C50-48B3-A82F-D5FD87A69077}.Debug|Any CPU.Build.0 = Debug|Any CPU
		{B2308FC9-8C50-48B3-A82F-D5FD87A69077}.Release|Any CPU.ActiveCfg = Release|Any CPU
		{B2308FC9-8C50-48B3-A82F-D5FD87A69077}.Release|Any CPU.Build.0 = Release|Any CPU
		{6A9944E2-F6A3-48E2-97F2-5D39D4E8D76B}.Debug|Any CPU.ActiveCfg = Debug|Any CPU
		{6A9944E2-F6A3-48E2-97F2-5D39D4E8D76B}.Debug|Any CPU.Build.0 = Debug|Any CPU
		{6A9944E2-F6A3-48E2-97F2-5D39D4E8D76B}.Release|Any CPU.ActiveCfg = Release|Any CPU
		{6A9944E2-F6A3-48E2-97F2-5D39D4E8D76B}.Release|Any CPU.Build.0 = Release|Any CPU
		{7E241D5C-A37C-4F5D-9E1D-B20A3129A5A3}.Debug|Any CPU.ActiveCfg = Debug|Any CPU
		{7E241D5C-A37C-4F5D-9E1D-B20A3129A5A3}.Debug|Any CPU.Build.0 = Debug|Any CPU
		{7E241D5C-A37C-4F5D-9E1D-B20A3129A5A3}.Release|Any CPU.ActiveCfg = Release|Any CPU
		{7E241D5C-A37C-4F5D-9E1D-B20A3129A5A3}.Release|Any CPU.Build.0 = Release|Any CPU
		{232043C5-0564-4BA6-A6B4-268CF48DA6DF}.Debug|Any CPU.ActiveCfg = Debug|Any CPU
		{232043C5-0564-4BA6-A6B4-268CF48DA6DF}.Debug|Any CPU.Build.0 = Debug|Any CPU
		{232043C5-0564-4BA6-A6B4-268CF48DA6DF}.Release|Any CPU.ActiveCfg = Release|Any CPU
		{232043C5-0564-4BA6-A6B4-268CF48DA6DF}.Release|Any CPU.Build.0 = Release|Any CPU
	EndGlobalSection
	GlobalSection(SolutionProperties) = preSolution
		HideSolutionNode = FALSE
	EndGlobalSection
	GlobalSection(ExtensibilityGlobals) = postSolution
		SolutionGuid = {F4515993-5B50-4992-9485-1D94AF096D59}
	EndGlobalSection
EndGlobal
