
Microsoft Visual Studio Solution File, Format Version 12.00
# Visual Studio Version 16
VisualStudioVersion = 16.0.808.2
MinimumVisualStudioVersion = 10.0.40219.1
Project("{FAE04EC0-301F-11D3-BF4B-00C04F79EFBC}") = "LogAllPairsOfArray", "LogAllPairsOfArray\LogAllPairsOfArray.csproj", "{5D752127-FBDB-4553-837D-B77D462E1957}"
EndProject
Project("{FAE04EC0-301F-11D3-BF4B-00C04F79EFBC}") = "SimpleArraySum", "SimpleArraySum\SimpleArraySum.csproj", "{1736988D-5AB4-4CFF-8DC0-4FEE07925793}"
EndProject
Project("{FAE04EC0-301F-11D3-BF4B-00C04F79EFBC}") = "CompareTheTriplets", "CompareTheTriplets\CompareTheTriplets.csproj", "{668BAFC7-7F0E-4AEC-A3C0-1B3FB0153C40}"
EndProject
Project("{FAE04EC0-301F-11D3-BF4B-00C04F79EFBC}") = "DiagonalDifference", "DiagonalDifference\DiagonalDifference.csproj", "{E73BF4C1-3BF1-4204-938D-675D9AEE243D}"
EndProject
Project("{FAE04EC0-301F-11D3-BF4B-00C04F79EFBC}") = "PlusMinus", "PlusMinus\PlusMinus.csproj", "{6EC7D464-493F-47D3-961E-3D7BBC030119}"
EndProject
Project("{FAE04EC0-301F-11D3-BF4B-00C04F79EFBC}") = "CountingValleys", "CountingValleys\CountingValleys.csproj", "{E60CC7DE-EE23-4578-8958-691EAC15AAA8}"
EndProject
Project("{FAE04EC0-301F-11D3-BF4B-00C04F79EFBC}") = "RightAlignedStaircase", "RightAlignedStaircase\RightAlignedStaircase.csproj", "{D08E63AF-47A1-4974-B7DE-78847A1CC678}"
EndProject
Project("{FAE04EC0-301F-11D3-BF4B-00C04F79EFBC}") = "MiniMaxSum", "MiniMaxSum\MiniMaxSum.csproj", "{396262AF-496A-46D5-AA20-03F2531D7060}"
EndProject
Project("{FAE04EC0-301F-11D3-BF4B-00C04F79EFBC}") = "MiniMaxSumV2", "MiniMaxSumV2\MiniMaxSumV2.csproj", "{8524EE5E-4B9B-4ABE-A604-3A0D0FE779FC}"
EndProject
Project("{FAE04EC0-301F-11D3-BF4B-00C04F79EFBC}") = "ReverseArray", "ReverseArray\ReverseArray.csproj", "{98FA4298-9135-4B89-AB73-8B64B1E8963E}"
EndProject
Project("{FAE04EC0-301F-11D3-BF4B-00C04F79EFBC}") = "BirthdayCakeCandles", "BirthdayCakeCandles\BirthdayCakeCandles.csproj", "{037B7B55-6BC0-4393-B945-01E925994913}"
EndProject
Global
	GlobalSection(SolutionConfigurationPlatforms) = preSolution
		Debug|Any CPU = Debug|Any CPU
		Release|Any CPU = Release|Any CPU
	EndGlobalSection
	GlobalSection(ProjectConfigurationPlatforms) = postSolution
		{5D752127-FBDB-4553-837D-B77D462E1957}.Debug|Any CPU.ActiveCfg = Debug|Any CPU
		{5D752127-FBDB-4553-837D-B77D462E1957}.Debug|Any CPU.Build.0 = Debug|Any CPU
		{5D752127-FBDB-4553-837D-B77D462E1957}.Release|Any CPU.ActiveCfg = Release|Any CPU
		{5D752127-FBDB-4553-837D-B77D462E1957}.Release|Any CPU.Build.0 = Release|Any CPU
		{1736988D-5AB4-4CFF-8DC0-4FEE07925793}.Debug|Any CPU.ActiveCfg = Debug|Any CPU
		{1736988D-5AB4-4CFF-8DC0-4FEE07925793}.Debug|Any CPU.Build.0 = Debug|Any CPU
		{1736988D-5AB4-4CFF-8DC0-4FEE07925793}.Release|Any CPU.ActiveCfg = Release|Any CPU
		{1736988D-5AB4-4CFF-8DC0-4FEE07925793}.Release|Any CPU.Build.0 = Release|Any CPU
		{668BAFC7-7F0E-4AEC-A3C0-1B3FB0153C40}.Debug|Any CPU.ActiveCfg = Debug|Any CPU
		{668BAFC7-7F0E-4AEC-A3C0-1B3FB0153C40}.Debug|Any CPU.Build.0 = Debug|Any CPU
		{668BAFC7-7F0E-4AEC-A3C0-1B3FB0153C40}.Release|Any CPU.ActiveCfg = Release|Any CPU
		{668BAFC7-7F0E-4AEC-A3C0-1B3FB0153C40}.Release|Any CPU.Build.0 = Release|Any CPU
		{E73BF4C1-3BF1-4204-938D-675D9AEE243D}.Debug|Any CPU.ActiveCfg = Debug|Any CPU
		{E73BF4C1-3BF1-4204-938D-675D9AEE243D}.Debug|Any CPU.Build.0 = Debug|Any CPU
		{E73BF4C1-3BF1-4204-938D-675D9AEE243D}.Release|Any CPU.ActiveCfg = Release|Any CPU
		{E73BF4C1-3BF1-4204-938D-675D9AEE243D}.Release|Any CPU.Build.0 = Release|Any CPU
		{6EC7D464-493F-47D3-961E-3D7BBC030119}.Debug|Any CPU.ActiveCfg = Debug|Any CPU
		{6EC7D464-493F-47D3-961E-3D7BBC030119}.Debug|Any CPU.Build.0 = Debug|Any CPU
		{6EC7D464-493F-47D3-961E-3D7BBC030119}.Release|Any CPU.ActiveCfg = Release|Any CPU
		{6EC7D464-493F-47D3-961E-3D7BBC030119}.Release|Any CPU.Build.0 = Release|Any CPU
		{E60CC7DE-EE23-4578-8958-691EAC15AAA8}.Debug|Any CPU.ActiveCfg = Debug|Any CPU
		{E60CC7DE-EE23-4578-8958-691EAC15AAA8}.Debug|Any CPU.Build.0 = Debug|Any CPU
		{E60CC7DE-EE23-4578-8958-691EAC15AAA8}.Release|Any CPU.ActiveCfg = Release|Any CPU
		{E60CC7DE-EE23-4578-8958-691EAC15AAA8}.Release|Any CPU.Build.0 = Release|Any CPU
		{D08E63AF-47A1-4974-B7DE-78847A1CC678}.Debug|Any CPU.ActiveCfg = Debug|Any CPU
		{D08E63AF-47A1-4974-B7DE-78847A1CC678}.Debug|Any CPU.Build.0 = Debug|Any CPU
		{D08E63AF-47A1-4974-B7DE-78847A1CC678}.Release|Any CPU.ActiveCfg = Release|Any CPU
		{D08E63AF-47A1-4974-B7DE-78847A1CC678}.Release|Any CPU.Build.0 = Release|Any CPU
		{396262AF-496A-46D5-AA20-03F2531D7060}.Debug|Any CPU.ActiveCfg = Debug|Any CPU
		{396262AF-496A-46D5-AA20-03F2531D7060}.Debug|Any CPU.Build.0 = Debug|Any CPU
		{396262AF-496A-46D5-AA20-03F2531D7060}.Release|Any CPU.ActiveCfg = Release|Any CPU
		{396262AF-496A-46D5-AA20-03F2531D7060}.Release|Any CPU.Build.0 = Release|Any CPU
		{8524EE5E-4B9B-4ABE-A604-3A0D0FE779FC}.Debug|Any CPU.ActiveCfg = Debug|Any CPU
		{8524EE5E-4B9B-4ABE-A604-3A0D0FE779FC}.Debug|Any CPU.Build.0 = Debug|Any CPU
		{8524EE5E-4B9B-4ABE-A604-3A0D0FE779FC}.Release|Any CPU.ActiveCfg = Release|Any CPU
		{8524EE5E-4B9B-4ABE-A604-3A0D0FE779FC}.Release|Any CPU.Build.0 = Release|Any CPU
		{98FA4298-9135-4B89-AB73-8B64B1E8963E}.Debug|Any CPU.ActiveCfg = Debug|Any CPU
		{98FA4298-9135-4B89-AB73-8B64B1E8963E}.Debug|Any CPU.Build.0 = Debug|Any CPU
		{98FA4298-9135-4B89-AB73-8B64B1E8963E}.Release|Any CPU.ActiveCfg = Release|Any CPU
		{98FA4298-9135-4B89-AB73-8B64B1E8963E}.Release|Any CPU.Build.0 = Release|Any CPU
		{037B7B55-6BC0-4393-B945-01E925994913}.Debug|Any CPU.ActiveCfg = Debug|Any CPU
		{037B7B55-6BC0-4393-B945-01E925994913}.Debug|Any CPU.Build.0 = Debug|Any CPU
		{037B7B55-6BC0-4393-B945-01E925994913}.Release|Any CPU.ActiveCfg = Release|Any CPU
		{037B7B55-6BC0-4393-B945-01E925994913}.Release|Any CPU.Build.0 = Release|Any CPU
	EndGlobalSection
	GlobalSection(SolutionProperties) = preSolution
		HideSolutionNode = FALSE
	EndGlobalSection
	GlobalSection(ExtensibilityGlobals) = postSolution
		SolutionGuid = {F4515993-5B50-4992-9485-1D94AF096D59}
	EndGlobalSection
EndGlobal
