
Microsoft Visual Studio Solution File, Format Version 12.00
# Visual Studio Version 16
VisualStudioVersion = 16.0.808.2
MinimumVisualStudioVersion = 10.0.40219.1
Project("{FAE04EC0-301F-11D3-BF4B-00C04F79EFBC}") = "LogAllPairsOfArray", "LogAllPairsOfArray\LogAllPairsOfArray.csproj", "{5D752127-FBDB-4553-837D-B77D462E1957}"
EndProject
Project("{FAE04EC0-301F-11D3-BF4B-00C04F79EFBC}") = "SimpleArraySum", "SimpleArraySum\SimpleArraySum.csproj", "{1736988D-5AB4-4CFF-8DC0-4FEE07925793}"
EndProject
Project("{FAE04EC0-301F-11D3-BF4B-00C04F79EFBC}") = "CompareTheTriplets", "CompareTheTriplets\CompareTheTriplets.csproj", "{668BAFC7-7F0E-4AEC-A3C0-1B3FB0153C40}"
EndProject
Project("{FAE04EC0-301F-11D3-BF4B-00C04F79EFBC}") = "DiagonalDifference", "DiagonalDifference\DiagonalDifference.csproj", "{E73BF4C1-3BF1-4204-938D-675D9AEE243D}"
EndProject
Project("{FAE04EC0-301F-11D3-BF4B-00C04F79EFBC}") = "PlusMinus", "PlusMinus\PlusMinus.csproj", "{6EC7D464-493F-47D3-961E-3D7BBC030119}"
EndProject
Project("{FAE04EC0-301F-11D3-BF4B-00C04F79EFBC}") = "CountingValleys", "CountingValleys\CountingValleys.csproj", "{E60CC7DE-EE23-4578-8958-691EAC15AAA8}"
EndProject
Project("{FAE04EC0-301F-11D3-BF4B-00C04F79EFBC}") = "RightAlignedStaircase", "RightAlignedStaircase\RightAlignedStaircase.csproj", "{D08E63AF-47A1-4974-B7DE-78847A1CC678}"
EndProject
Project("{FAE04EC0-301F-11D3-BF4B-00C04F79EFBC}") = "MiniMaxSum", "MiniMaxSum\MiniMaxSum.csproj", "{396262AF-496A-46D5-AA20-03F2531D7060}"
EndProject
Project("{FAE04EC0-301F-11D3-BF4B-00C04F79EFBC}") = "MiniMaxSumV2", "MiniMaxSumV2\MiniMaxSumV2.csproj", "{8524EE5E-4B9B-4ABE-A604-3A0D0FE779FC}"
EndProject
Project("{FAE04EC0-301F-11D3-BF4B-00C04F79EFBC}") = "ReverseArray", "ReverseArray\ReverseArray.csproj", "{98FA4298-9135-4B89-AB73-8B64B1E8963E}"
EndProject
Project("{FAE04EC0-301F-11D3-BF4B-00C04F79EFBC}") = "BirthdayCakeCandles", "BirthdayCakeCandles\BirthdayCakeCandles.csproj", "{037B7B55-6BC0-4393-B945-01E925994913}"
EndProject
Project("{FAE04EC0-301F-11D3-BF4B-00C04F79EFBC}") = "TimeConversion", "TimeConversion\TimeConversion.csproj", "{0141841F-0593-46B3-81DB-BB09625B7B1A}"
EndProject
Project("{FAE04EC0-301F-11D3-BF4B-00C04F79EFBC}") = "ApplesHouseOranges", "ApplesHouseOranges\ApplesHouseOranges.csproj", "{91AE5E37-0201-4BCA-A6F9-1C53D18A994A}"
EndProject
Project("{FAE04EC0-301F-11D3-BF4B-00C04F79EFBC}") = "JumpingOnTheClouds", "JumpingOnTheClouds\JumpingOnTheClouds.csproj", "{03BBBFF8-AEF6-4618-8607-BDBD64A37FF5}"
EndProject
Project("{FAE04EC0-301F-11D3-BF4B-00C04F79EFBC}") = "SalesByMatch", "SalesByMatch\SalesByMatch.csproj", "{5B0EC247-AF6E-4CD5-BC38-A63E4D7650A4}"
EndProject
Project("{FAE04EC0-301F-11D3-BF4B-00C04F79EFBC}") = "zTests", "zTests\zTests.csproj", "{67D1C3C4-A317-4A02-B65E-93703E4264BD}"
EndProject
Project("{FAE04EC0-301F-11D3-BF4B-00C04F79EFBC}") = "OddNumbersInRange", "OddNumbersInRange\OddNumbersInRange.csproj", "{81081549-4690-4C50-BACC-8DCB9EC9ADC9}"
EndProject
Project("{FAE04EC0-301F-11D3-BF4B-00C04F79EFBC}") = "zTest2", "zTest2\zTest2.csproj", "{0965B2FD-178E-4943-994D-F131924CA84C}"
EndProject
Project("{FAE04EC0-301F-11D3-BF4B-00C04F79EFBC}") = "RepeatedString", "RepeatedString\RepeatedString.csproj", "{59C9F11C-55B2-4CBB-A10A-D23078CC3237}"
EndProject
Project("{FAE04EC0-301F-11D3-BF4B-00C04F79EFBC}") = "CamelCase", "CamelCase\CamelCase.csproj", "{E85A685A-E4C6-4C23-A967-1C7D24E9BBB1}"
EndProject
Project("{FAE04EC0-301F-11D3-BF4B-00C04F79EFBC}") = "GradingStudentsRound", "GradingStudentsRound\GradingStudentsRound.csproj", "{17B36CD4-6608-42DF-B7FE-AE6CBE572CA3}"
EndProject
Project("{FAE04EC0-301F-11D3-BF4B-00C04F79EFBC}") = "EvenOddSplitInput", "EvenOddSplitInput\EvenOddSplitInput.csproj", "{2E7B82DC-8EEA-4F5B-93B6-241B9611F96B}"
EndProject
Project("{FAE04EC0-301F-11D3-BF4B-00C04F79EFBC}") = "BestAndWorstRecords", "BestAndWorstRecords\BestAndWorstRecords.csproj", "{B2308FC9-8C50-48B3-A82F-D5FD87A69077}"
EndProject
Project("{FAE04EC0-301F-11D3-BF4B-00C04F79EFBC}") = "ReverseArrayV2", "ReverseArrayV2\ReverseArrayV2.csproj", "{6A9944E2-F6A3-48E2-97F2-5D39D4E8D76B}"
EndProject
Project("{FAE04EC0-301F-11D3-BF4B-00C04F79EFBC}") = "NumberLIneJumpsKangaroo", "NumberLIneJumpsKangaroo\NumberLIneJumpsKangaroo.csproj", "{7E241D5C-A37C-4F5D-9E1D-B20A3129A5A3}"
EndProject
Project("{FAE04EC0-301F-11D3-BF4B-00C04F79EFBC}") = "PhoneBookDictionary", "PhoneBookDictionary\PhoneBookDictionary.csproj", "{232043C5-0564-4BA6-A6B4-268CF48DA6DF}"
EndProject
Project("{FAE04EC0-301F-11D3-BF4B-00C04F79EFBC}") = "FactorialRecursion", "FactorialRecursion\FactorialRecursion.csproj", "{D54C9F60-8724-479F-88A1-EAAF213D466C}"
EndProject
Project("{FAE04EC0-301F-11D3-BF4B-00C04F79EFBC}") = "BinaryNumbers", "BinaryNumbers\BinaryNumbers.csproj", "{22F06EC2-DF4F-4B78-82B7-4CF3453B880C}"
EndProject
Project("{FAE04EC0-301F-11D3-BF4B-00C04F79EFBC}") = "Hourglass2DArray", "Hourglass2DArray\Hourglass2DArray.csproj", "{60A78A7A-7DB2-488A-93CB-D83A11DB6C84}"
EndProject
Project("{FAE04EC0-301F-11D3-BF4B-00C04F79EFBC}") = "InheritanceDay12", "InheritanceDay12\InheritanceDay12.csproj", "{82387B1C-4669-49F2-A80A-612B06234D9C}"
EndProject
Project("{FAE04EC0-301F-11D3-BF4B-00C04F79EFBC}") = "AbstractClassesDay13", "AbstractClassesDay13\AbstractClassesDay13.csproj", "{85813E4C-3CA4-4D0A-8E31-315952A12820}"
EndProject
Project("{FAE04EC0-301F-11D3-BF4B-00C04F79EFBC}") = "ScopeDay14", "ScopeDay14\ScopeDay14.csproj", "{B540729B-508D-42BE-BC23-1E0F07241328}"
EndProject
Project("{FAE04EC0-301F-11D3-BF4B-00C04F79EFBC}") = "ScopeDay14V2", "ScopeDay14V2\ScopeDay14V2.csproj", "{AE264E69-557C-462D-9C6D-36CD35ACBCC5}"
EndProject
Project("{FAE04EC0-301F-11D3-BF4B-00C04F79EFBC}") = "LinkedListDay15", "LinkedListDay15\LinkedListDay15.csproj", "{C1F7C381-2AC5-4655-9AAA-631D78CFFB04}"
EndProject
Project("{FAE04EC0-301F-11D3-BF4B-00C04F79EFBC}") = "ExceptionsStrToIntDay16", "ExceptionsStrToIntDay16\ExceptionsStrToIntDay16.csproj", "{6B8668EB-2EEF-4B70-B647-5C16D52E0AFA}"
EndProject
Project("{FAE04EC0-301F-11D3-BF4B-00C04F79EFBC}") = "MoreExceptionsDay17", "MoreExceptionsDay17\MoreExceptionsDay17.csproj", "{61EED266-D53D-4DC7-B8D1-878251D6C127}"
EndProject
Project("{FAE04EC0-301F-11D3-BF4B-00C04F79EFBC}") = "QueuesAndStacksDay18", "QueuesAndStacksDay18\QueuesAndStacksDay18.csproj", "{A7AC0BA3-1DA5-4913-A188-4B10CA08FBC8}"
EndProject
Project("{FAE04EC0-301F-11D3-BF4B-00C04F79EFBC}") = "InterfacesDay19", "InterfacesDay19\InterfacesDay19.csproj", "{99FE8288-B6F0-49B8-8489-AAFFD36535C7}"
EndProject
Project("{FAE04EC0-301F-11D3-BF4B-00C04F79EFBC}") = "SortingDay20", "SortingDay20\SortingDay20.csproj", "{E324AFAF-53BB-4D4B-9550-C9E1F0C1DA08}"
EndProject
Project("{FAE04EC0-301F-11D3-BF4B-00C04F79EFBC}") = "GenericsDay21", "GenericsDay21\GenericsDay21.csproj", "{BCB8F207-CA02-499E-ABE8-0DF06E7C1416}"
EndProject
Project("{2150E333-8FDC-42A3-9474-1A3956D46DE8}") = "30DaysChallenge", "30DaysChallenge", "{93E2E507-7A57-4E82-8259-6C0B419BC597}"
EndProject
Project("{FAE04EC0-301F-11D3-BF4B-00C04F79EFBC}") = "BinarySearchTreesDay22", "BinarySearchTreesDay22\BinarySearchTreesDay22.csproj", "{19278387-D166-4D67-BBBB-F562A6EF791E}"
EndProject
Project("{FAE04EC0-301F-11D3-BF4B-00C04F79EFBC}") = "FizzBuzz", "FizzBuzz\FizzBuzz.csproj", "{C5302A56-4C54-4F5E-8F3C-57E2FD598683}"
EndProject
Project("{2150E333-8FDC-42A3-9474-1A3956D46DE8}") = "Csharp", "Csharp", "{B5C7BB3A-3D1A-40B1-87FB-F7BDEEA7538E}"
EndProject
Project("{FAE04EC0-301F-11D3-BF4B-00C04F79EFBC}") = "TeamInterface", "TeamInterface\TeamInterface.csproj", "{297C998D-B9B9-4383-B99B-B0A03FEB4FC6}"
EndProject
Project("{FAE04EC0-301F-11D3-BF4B-00C04F79EFBC}") = "NotesStore", "TeamInterface\NotesStore\NotesStore.csproj", "{2225ABC5-4DAC-4024-A12B-EADF19CB6BF7}"
EndProject
Project("{2150E333-8FDC-42A3-9474-1A3956D46DE8}") = "ProblemSolvingBasic", "ProblemSolvingBasic", "{0D2BFBE0-9296-4B10-990B-64D1C263F40B}"
EndProject
Project("{FAE04EC0-301F-11D3-BF4B-00C04F79EFBC}") = "UserNamesChanges", "UserNamesChanges\UserNamesChanges.csproj", "{CC75E26B-3AEB-4CB6-B828-DAAFFE9D60F5}"
EndProject
Global
	GlobalSection(SolutionConfigurationPlatforms) = preSolution
		Debug|Any CPU = Debug|Any CPU
		Release|Any CPU = Release|Any CPU
	EndGlobalSection
	GlobalSection(ProjectConfigurationPlatforms) = postSolution
		{5D752127-FBDB-4553-837D-B77D462E1957}.Debug|Any CPU.ActiveCfg = Debug|Any CPU
		{5D752127-FBDB-4553-837D-B77D462E1957}.Debug|Any CPU.Build.0 = Debug|Any CPU
		{5D752127-FBDB-4553-837D-B77D462E1957}.Release|Any CPU.ActiveCfg = Release|Any CPU
		{5D752127-FBDB-4553-837D-B77D462E1957}.Release|Any CPU.Build.0 = Release|Any CPU
		{1736988D-5AB4-4CFF-8DC0-4FEE07925793}.Debug|Any CPU.ActiveCfg = Debug|Any CPU
		{1736988D-5AB4-4CFF-8DC0-4FEE07925793}.Debug|Any CPU.Build.0 = Debug|Any CPU
		{1736988D-5AB4-4CFF-8DC0-4FEE07925793}.Release|Any CPU.ActiveCfg = Release|Any CPU
		{1736988D-5AB4-4CFF-8DC0-4FEE07925793}.Release|Any CPU.Build.0 = Release|Any CPU
		{668BAFC7-7F0E-4AEC-A3C0-1B3FB0153C40}.Debug|Any CPU.ActiveCfg = Debug|Any CPU
		{668BAFC7-7F0E-4AEC-A3C0-1B3FB0153C40}.Debug|Any CPU.Build.0 = Debug|Any CPU
		{668BAFC7-7F0E-4AEC-A3C0-1B3FB0153C40}.Release|Any CPU.ActiveCfg = Release|Any CPU
		{668BAFC7-7F0E-4AEC-A3C0-1B3FB0153C40}.Release|Any CPU.Build.0 = Release|Any CPU
		{E73BF4C1-3BF1-4204-938D-675D9AEE243D}.Debug|Any CPU.ActiveCfg = Debug|Any CPU
		{E73BF4C1-3BF1-4204-938D-675D9AEE243D}.Debug|Any CPU.Build.0 = Debug|Any CPU
		{E73BF4C1-3BF1-4204-938D-675D9AEE243D}.Release|Any CPU.ActiveCfg = Release|Any CPU
		{E73BF4C1-3BF1-4204-938D-675D9AEE243D}.Release|Any CPU.Build.0 = Release|Any CPU
		{6EC7D464-493F-47D3-961E-3D7BBC030119}.Debug|Any CPU.ActiveCfg = Debug|Any CPU
		{6EC7D464-493F-47D3-961E-3D7BBC030119}.Debug|Any CPU.Build.0 = Debug|Any CPU
		{6EC7D464-493F-47D3-961E-3D7BBC030119}.Release|Any CPU.ActiveCfg = Release|Any CPU
		{6EC7D464-493F-47D3-961E-3D7BBC030119}.Release|Any CPU.Build.0 = Release|Any CPU
		{E60CC7DE-EE23-4578-8958-691EAC15AAA8}.Debug|Any CPU.ActiveCfg = Debug|Any CPU
		{E60CC7DE-EE23-4578-8958-691EAC15AAA8}.Debug|Any CPU.Build.0 = Debug|Any CPU
		{E60CC7DE-EE23-4578-8958-691EAC15AAA8}.Release|Any CPU.ActiveCfg = Release|Any CPU
		{E60CC7DE-EE23-4578-8958-691EAC15AAA8}.Release|Any CPU.Build.0 = Release|Any CPU
		{D08E63AF-47A1-4974-B7DE-78847A1CC678}.Debug|Any CPU.ActiveCfg = Debug|Any CPU
		{D08E63AF-47A1-4974-B7DE-78847A1CC678}.Debug|Any CPU.Build.0 = Debug|Any CPU
		{D08E63AF-47A1-4974-B7DE-78847A1CC678}.Release|Any CPU.ActiveCfg = Release|Any CPU
		{D08E63AF-47A1-4974-B7DE-78847A1CC678}.Release|Any CPU.Build.0 = Release|Any CPU
		{396262AF-496A-46D5-AA20-03F2531D7060}.Debug|Any CPU.ActiveCfg = Debug|Any CPU
		{396262AF-496A-46D5-AA20-03F2531D7060}.Debug|Any CPU.Build.0 = Debug|Any CPU
		{396262AF-496A-46D5-AA20-03F2531D7060}.Release|Any CPU.ActiveCfg = Release|Any CPU
		{396262AF-496A-46D5-AA20-03F2531D7060}.Release|Any CPU.Build.0 = Release|Any CPU
		{8524EE5E-4B9B-4ABE-A604-3A0D0FE779FC}.Debug|Any CPU.ActiveCfg = Debug|Any CPU
		{8524EE5E-4B9B-4ABE-A604-3A0D0FE779FC}.Debug|Any CPU.Build.0 = Debug|Any CPU
		{8524EE5E-4B9B-4ABE-A604-3A0D0FE779FC}.Release|Any CPU.ActiveCfg = Release|Any CPU
		{8524EE5E-4B9B-4ABE-A604-3A0D0FE779FC}.Release|Any CPU.Build.0 = Release|Any CPU
		{98FA4298-9135-4B89-AB73-8B64B1E8963E}.Debug|Any CPU.ActiveCfg = Debug|Any CPU
		{98FA4298-9135-4B89-AB73-8B64B1E8963E}.Debug|Any CPU.Build.0 = Debug|Any CPU
		{98FA4298-9135-4B89-AB73-8B64B1E8963E}.Release|Any CPU.ActiveCfg = Release|Any CPU
		{98FA4298-9135-4B89-AB73-8B64B1E8963E}.Release|Any CPU.Build.0 = Release|Any CPU
		{037B7B55-6BC0-4393-B945-01E925994913}.Debug|Any CPU.ActiveCfg = Debug|Any CPU
		{037B7B55-6BC0-4393-B945-01E925994913}.Debug|Any CPU.Build.0 = Debug|Any CPU
		{037B7B55-6BC0-4393-B945-01E925994913}.Release|Any CPU.ActiveCfg = Release|Any CPU
		{037B7B55-6BC0-4393-B945-01E925994913}.Release|Any CPU.Build.0 = Release|Any CPU
		{0141841F-0593-46B3-81DB-BB09625B7B1A}.Debug|Any CPU.ActiveCfg = Debug|Any CPU
		{0141841F-0593-46B3-81DB-BB09625B7B1A}.Debug|Any CPU.Build.0 = Debug|Any CPU
		{0141841F-0593-46B3-81DB-BB09625B7B1A}.Release|Any CPU.ActiveCfg = Release|Any CPU
		{0141841F-0593-46B3-81DB-BB09625B7B1A}.Release|Any CPU.Build.0 = Release|Any CPU
		{91AE5E37-0201-4BCA-A6F9-1C53D18A994A}.Debug|Any CPU.ActiveCfg = Debug|Any CPU
		{91AE5E37-0201-4BCA-A6F9-1C53D18A994A}.Debug|Any CPU.Build.0 = Debug|Any CPU
		{91AE5E37-0201-4BCA-A6F9-1C53D18A994A}.Release|Any CPU.ActiveCfg = Release|Any CPU
		{91AE5E37-0201-4BCA-A6F9-1C53D18A994A}.Release|Any CPU.Build.0 = Release|Any CPU
		{03BBBFF8-AEF6-4618-8607-BDBD64A37FF5}.Debug|Any CPU.ActiveCfg = Debug|Any CPU
		{03BBBFF8-AEF6-4618-8607-BDBD64A37FF5}.Debug|Any CPU.Build.0 = Debug|Any CPU
		{03BBBFF8-AEF6-4618-8607-BDBD64A37FF5}.Release|Any CPU.ActiveCfg = Release|Any CPU
		{03BBBFF8-AEF6-4618-8607-BDBD64A37FF5}.Release|Any CPU.Build.0 = Release|Any CPU
		{5B0EC247-AF6E-4CD5-BC38-A63E4D7650A4}.Debug|Any CPU.ActiveCfg = Debug|Any CPU
		{5B0EC247-AF6E-4CD5-BC38-A63E4D7650A4}.Debug|Any CPU.Build.0 = Debug|Any CPU
		{5B0EC247-AF6E-4CD5-BC38-A63E4D7650A4}.Release|Any CPU.ActiveCfg = Release|Any CPU
		{5B0EC247-AF6E-4CD5-BC38-A63E4D7650A4}.Release|Any CPU.Build.0 = Release|Any CPU
		{67D1C3C4-A317-4A02-B65E-93703E4264BD}.Debug|Any CPU.ActiveCfg = Debug|Any CPU
		{67D1C3C4-A317-4A02-B65E-93703E4264BD}.Debug|Any CPU.Build.0 = Debug|Any CPU
		{67D1C3C4-A317-4A02-B65E-93703E4264BD}.Release|Any CPU.ActiveCfg = Release|Any CPU
		{67D1C3C4-A317-4A02-B65E-93703E4264BD}.Release|Any CPU.Build.0 = Release|Any CPU
		{81081549-4690-4C50-BACC-8DCB9EC9ADC9}.Debug|Any CPU.ActiveCfg = Debug|Any CPU
		{81081549-4690-4C50-BACC-8DCB9EC9ADC9}.Debug|Any CPU.Build.0 = Debug|Any CPU
		{81081549-4690-4C50-BACC-8DCB9EC9ADC9}.Release|Any CPU.ActiveCfg = Release|Any CPU
		{81081549-4690-4C50-BACC-8DCB9EC9ADC9}.Release|Any CPU.Build.0 = Release|Any CPU
		{0965B2FD-178E-4943-994D-F131924CA84C}.Debug|Any CPU.ActiveCfg = Debug|Any CPU
		{0965B2FD-178E-4943-994D-F131924CA84C}.Debug|Any CPU.Build.0 = Debug|Any CPU
		{0965B2FD-178E-4943-994D-F131924CA84C}.Release|Any CPU.ActiveCfg = Release|Any CPU
		{0965B2FD-178E-4943-994D-F131924CA84C}.Release|Any CPU.Build.0 = Release|Any CPU
		{59C9F11C-55B2-4CBB-A10A-D23078CC3237}.Debug|Any CPU.ActiveCfg = Debug|Any CPU
		{59C9F11C-55B2-4CBB-A10A-D23078CC3237}.Debug|Any CPU.Build.0 = Debug|Any CPU
		{59C9F11C-55B2-4CBB-A10A-D23078CC3237}.Release|Any CPU.ActiveCfg = Release|Any CPU
		{59C9F11C-55B2-4CBB-A10A-D23078CC3237}.Release|Any CPU.Build.0 = Release|Any CPU
		{E85A685A-E4C6-4C23-A967-1C7D24E9BBB1}.Debug|Any CPU.ActiveCfg = Debug|Any CPU
		{E85A685A-E4C6-4C23-A967-1C7D24E9BBB1}.Debug|Any CPU.Build.0 = Debug|Any CPU
		{E85A685A-E4C6-4C23-A967-1C7D24E9BBB1}.Release|Any CPU.ActiveCfg = Release|Any CPU
		{E85A685A-E4C6-4C23-A967-1C7D24E9BBB1}.Release|Any CPU.Build.0 = Release|Any CPU
		{17B36CD4-6608-42DF-B7FE-AE6CBE572CA3}.Debug|Any CPU.ActiveCfg = Debug|Any CPU
		{17B36CD4-6608-42DF-B7FE-AE6CBE572CA3}.Debug|Any CPU.Build.0 = Debug|Any CPU
		{17B36CD4-6608-42DF-B7FE-AE6CBE572CA3}.Release|Any CPU.ActiveCfg = Release|Any CPU
		{17B36CD4-6608-42DF-B7FE-AE6CBE572CA3}.Release|Any CPU.Build.0 = Release|Any CPU
		{2E7B82DC-8EEA-4F5B-93B6-241B9611F96B}.Debug|Any CPU.ActiveCfg = Debug|Any CPU
		{2E7B82DC-8EEA-4F5B-93B6-241B9611F96B}.Debug|Any CPU.Build.0 = Debug|Any CPU
		{2E7B82DC-8EEA-4F5B-93B6-241B9611F96B}.Release|Any CPU.ActiveCfg = Release|Any CPU
		{2E7B82DC-8EEA-4F5B-93B6-241B9611F96B}.Release|Any CPU.Build.0 = Release|Any CPU
		{B2308FC9-8C50-48B3-A82F-D5FD87A69077}.Debug|Any CPU.ActiveCfg = Debug|Any CPU
		{B2308FC9-8C50-48B3-A82F-D5FD87A69077}.Debug|Any CPU.Build.0 = Debug|Any CPU
		{B2308FC9-8C50-48B3-A82F-D5FD87A69077}.Release|Any CPU.ActiveCfg = Release|Any CPU
		{B2308FC9-8C50-48B3-A82F-D5FD87A69077}.Release|Any CPU.Build.0 = Release|Any CPU
		{6A9944E2-F6A3-48E2-97F2-5D39D4E8D76B}.Debug|Any CPU.ActiveCfg = Debug|Any CPU
		{6A9944E2-F6A3-48E2-97F2-5D39D4E8D76B}.Debug|Any CPU.Build.0 = Debug|Any CPU
		{6A9944E2-F6A3-48E2-97F2-5D39D4E8D76B}.Release|Any CPU.ActiveCfg = Release|Any CPU
		{6A9944E2-F6A3-48E2-97F2-5D39D4E8D76B}.Release|Any CPU.Build.0 = Release|Any CPU
		{7E241D5C-A37C-4F5D-9E1D-B20A3129A5A3}.Debug|Any CPU.ActiveCfg = Debug|Any CPU
		{7E241D5C-A37C-4F5D-9E1D-B20A3129A5A3}.Debug|Any CPU.Build.0 = Debug|Any CPU
		{7E241D5C-A37C-4F5D-9E1D-B20A3129A5A3}.Release|Any CPU.ActiveCfg = Release|Any CPU
		{7E241D5C-A37C-4F5D-9E1D-B20A3129A5A3}.Release|Any CPU.Build.0 = Release|Any CPU
		{232043C5-0564-4BA6-A6B4-268CF48DA6DF}.Debug|Any CPU.ActiveCfg = Debug|Any CPU
		{232043C5-0564-4BA6-A6B4-268CF48DA6DF}.Debug|Any CPU.Build.0 = Debug|Any CPU
		{232043C5-0564-4BA6-A6B4-268CF48DA6DF}.Release|Any CPU.ActiveCfg = Release|Any CPU
		{232043C5-0564-4BA6-A6B4-268CF48DA6DF}.Release|Any CPU.Build.0 = Release|Any CPU
		{D54C9F60-8724-479F-88A1-EAAF213D466C}.Debug|Any CPU.ActiveCfg = Debug|Any CPU
		{D54C9F60-8724-479F-88A1-EAAF213D466C}.Debug|Any CPU.Build.0 = Debug|Any CPU
		{D54C9F60-8724-479F-88A1-EAAF213D466C}.Release|Any CPU.ActiveCfg = Release|Any CPU
		{D54C9F60-8724-479F-88A1-EAAF213D466C}.Release|Any CPU.Build.0 = Release|Any CPU
		{22F06EC2-DF4F-4B78-82B7-4CF3453B880C}.Debug|Any CPU.ActiveCfg = Debug|Any CPU
		{22F06EC2-DF4F-4B78-82B7-4CF3453B880C}.Debug|Any CPU.Build.0 = Debug|Any CPU
		{22F06EC2-DF4F-4B78-82B7-4CF3453B880C}.Release|Any CPU.ActiveCfg = Release|Any CPU
		{22F06EC2-DF4F-4B78-82B7-4CF3453B880C}.Release|Any CPU.Build.0 = Release|Any CPU
		{60A78A7A-7DB2-488A-93CB-D83A11DB6C84}.Debug|Any CPU.ActiveCfg = Debug|Any CPU
		{60A78A7A-7DB2-488A-93CB-D83A11DB6C84}.Debug|Any CPU.Build.0 = Debug|Any CPU
		{60A78A7A-7DB2-488A-93CB-D83A11DB6C84}.Release|Any CPU.ActiveCfg = Release|Any CPU
		{60A78A7A-7DB2-488A-93CB-D83A11DB6C84}.Release|Any CPU.Build.0 = Release|Any CPU
		{82387B1C-4669-49F2-A80A-612B06234D9C}.Debug|Any CPU.ActiveCfg = Debug|Any CPU
		{82387B1C-4669-49F2-A80A-612B06234D9C}.Debug|Any CPU.Build.0 = Debug|Any CPU
		{82387B1C-4669-49F2-A80A-612B06234D9C}.Release|Any CPU.ActiveCfg = Release|Any CPU
		{82387B1C-4669-49F2-A80A-612B06234D9C}.Release|Any CPU.Build.0 = Release|Any CPU
		{85813E4C-3CA4-4D0A-8E31-315952A12820}.Debug|Any CPU.ActiveCfg = Debug|Any CPU
		{85813E4C-3CA4-4D0A-8E31-315952A12820}.Debug|Any CPU.Build.0 = Debug|Any CPU
		{85813E4C-3CA4-4D0A-8E31-315952A12820}.Release|Any CPU.ActiveCfg = Release|Any CPU
		{85813E4C-3CA4-4D0A-8E31-315952A12820}.Release|Any CPU.Build.0 = Release|Any CPU
		{B540729B-508D-42BE-BC23-1E0F07241328}.Debug|Any CPU.ActiveCfg = Debug|Any CPU
		{B540729B-508D-42BE-BC23-1E0F07241328}.Debug|Any CPU.Build.0 = Debug|Any CPU
		{B540729B-508D-42BE-BC23-1E0F07241328}.Release|Any CPU.ActiveCfg = Release|Any CPU
		{B540729B-508D-42BE-BC23-1E0F07241328}.Release|Any CPU.Build.0 = Release|Any CPU
		{AE264E69-557C-462D-9C6D-36CD35ACBCC5}.Debug|Any CPU.ActiveCfg = Debug|Any CPU
		{AE264E69-557C-462D-9C6D-36CD35ACBCC5}.Debug|Any CPU.Build.0 = Debug|Any CPU
		{AE264E69-557C-462D-9C6D-36CD35ACBCC5}.Release|Any CPU.ActiveCfg = Release|Any CPU
		{AE264E69-557C-462D-9C6D-36CD35ACBCC5}.Release|Any CPU.Build.0 = Release|Any CPU
		{C1F7C381-2AC5-4655-9AAA-631D78CFFB04}.Debug|Any CPU.ActiveCfg = Debug|Any CPU
		{C1F7C381-2AC5-4655-9AAA-631D78CFFB04}.Debug|Any CPU.Build.0 = Debug|Any CPU
		{C1F7C381-2AC5-4655-9AAA-631D78CFFB04}.Release|Any CPU.ActiveCfg = Release|Any CPU
		{C1F7C381-2AC5-4655-9AAA-631D78CFFB04}.Release|Any CPU.Build.0 = Release|Any CPU
		{6B8668EB-2EEF-4B70-B647-5C16D52E0AFA}.Debug|Any CPU.ActiveCfg = Debug|Any CPU
		{6B8668EB-2EEF-4B70-B647-5C16D52E0AFA}.Debug|Any CPU.Build.0 = Debug|Any CPU
		{6B8668EB-2EEF-4B70-B647-5C16D52E0AFA}.Release|Any CPU.ActiveCfg = Release|Any CPU
		{6B8668EB-2EEF-4B70-B647-5C16D52E0AFA}.Release|Any CPU.Build.0 = Release|Any CPU
		{61EED266-D53D-4DC7-B8D1-878251D6C127}.Debug|Any CPU.ActiveCfg = Debug|Any CPU
		{61EED266-D53D-4DC7-B8D1-878251D6C127}.Debug|Any CPU.Build.0 = Debug|Any CPU
		{61EED266-D53D-4DC7-B8D1-878251D6C127}.Release|Any CPU.ActiveCfg = Release|Any CPU
		{61EED266-D53D-4DC7-B8D1-878251D6C127}.Release|Any CPU.Build.0 = Release|Any CPU
		{A7AC0BA3-1DA5-4913-A188-4B10CA08FBC8}.Debug|Any CPU.ActiveCfg = Debug|Any CPU
		{A7AC0BA3-1DA5-4913-A188-4B10CA08FBC8}.Debug|Any CPU.Build.0 = Debug|Any CPU
		{A7AC0BA3-1DA5-4913-A188-4B10CA08FBC8}.Release|Any CPU.ActiveCfg = Release|Any CPU
		{A7AC0BA3-1DA5-4913-A188-4B10CA08FBC8}.Release|Any CPU.Build.0 = Release|Any CPU
		{99FE8288-B6F0-49B8-8489-AAFFD36535C7}.Debug|Any CPU.ActiveCfg = Debug|Any CPU
		{99FE8288-B6F0-49B8-8489-AAFFD36535C7}.Debug|Any CPU.Build.0 = Debug|Any CPU
		{99FE8288-B6F0-49B8-8489-AAFFD36535C7}.Release|Any CPU.ActiveCfg = Release|Any CPU
		{99FE8288-B6F0-49B8-8489-AAFFD36535C7}.Release|Any CPU.Build.0 = Release|Any CPU
		{E324AFAF-53BB-4D4B-9550-C9E1F0C1DA08}.Debug|Any CPU.ActiveCfg = Debug|Any CPU
		{E324AFAF-53BB-4D4B-9550-C9E1F0C1DA08}.Debug|Any CPU.Build.0 = Debug|Any CPU
		{E324AFAF-53BB-4D4B-9550-C9E1F0C1DA08}.Release|Any CPU.ActiveCfg = Release|Any CPU
		{E324AFAF-53BB-4D4B-9550-C9E1F0C1DA08}.Release|Any CPU.Build.0 = Release|Any CPU
		{BCB8F207-CA02-499E-ABE8-0DF06E7C1416}.Debug|Any CPU.ActiveCfg = Debug|Any CPU
		{BCB8F207-CA02-499E-ABE8-0DF06E7C1416}.Debug|Any CPU.Build.0 = Debug|Any CPU
		{BCB8F207-CA02-499E-ABE8-0DF06E7C1416}.Release|Any CPU.ActiveCfg = Release|Any CPU
		{BCB8F207-CA02-499E-ABE8-0DF06E7C1416}.Release|Any CPU.Build.0 = Release|Any CPU
		{19278387-D166-4D67-BBBB-F562A6EF791E}.Debug|Any CPU.ActiveCfg = Debug|Any CPU
		{19278387-D166-4D67-BBBB-F562A6EF791E}.Debug|Any CPU.Build.0 = Debug|Any CPU
		{19278387-D166-4D67-BBBB-F562A6EF791E}.Release|Any CPU.ActiveCfg = Release|Any CPU
		{19278387-D166-4D67-BBBB-F562A6EF791E}.Release|Any CPU.Build.0 = Release|Any CPU
		{C5302A56-4C54-4F5E-8F3C-57E2FD598683}.Debug|Any CPU.ActiveCfg = Debug|Any CPU
		{C5302A56-4C54-4F5E-8F3C-57E2FD598683}.Debug|Any CPU.Build.0 = Debug|Any CPU
		{C5302A56-4C54-4F5E-8F3C-57E2FD598683}.Release|Any CPU.ActiveCfg = Release|Any CPU
		{C5302A56-4C54-4F5E-8F3C-57E2FD598683}.Release|Any CPU.Build.0 = Release|Any CPU
		{297C998D-B9B9-4383-B99B-B0A03FEB4FC6}.Debug|Any CPU.ActiveCfg = Debug|Any CPU
		{297C998D-B9B9-4383-B99B-B0A03FEB4FC6}.Debug|Any CPU.Build.0 = Debug|Any CPU
		{297C998D-B9B9-4383-B99B-B0A03FEB4FC6}.Release|Any CPU.ActiveCfg = Release|Any CPU
		{297C998D-B9B9-4383-B99B-B0A03FEB4FC6}.Release|Any CPU.Build.0 = Release|Any CPU
		{2225ABC5-4DAC-4024-A12B-EADF19CB6BF7}.Debug|Any CPU.ActiveCfg = Debug|Any CPU
		{2225ABC5-4DAC-4024-A12B-EADF19CB6BF7}.Debug|Any CPU.Build.0 = Debug|Any CPU
		{2225ABC5-4DAC-4024-A12B-EADF19CB6BF7}.Release|Any CPU.ActiveCfg = Release|Any CPU
		{2225ABC5-4DAC-4024-A12B-EADF19CB6BF7}.Release|Any CPU.Build.0 = Release|Any CPU
		{CC75E26B-3AEB-4CB6-B828-DAAFFE9D60F5}.Debug|Any CPU.ActiveCfg = Debug|Any CPU
		{CC75E26B-3AEB-4CB6-B828-DAAFFE9D60F5}.Debug|Any CPU.Build.0 = Debug|Any CPU
		{CC75E26B-3AEB-4CB6-B828-DAAFFE9D60F5}.Release|Any CPU.ActiveCfg = Release|Any CPU
		{CC75E26B-3AEB-4CB6-B828-DAAFFE9D60F5}.Release|Any CPU.Build.0 = Release|Any CPU
	EndGlobalSection
	GlobalSection(SolutionProperties) = preSolution
		HideSolutionNode = FALSE
	EndGlobalSection
	GlobalSection(ExtensibilityGlobals) = postSolution
		SolutionGuid = {F4515993-5B50-4992-9485-1D94AF096D59}
	EndGlobalSection
	GlobalSection(NestedProjects) = preSolution
		{85813E4C-3CA4-4D0A-8E31-315952A12820} = {93E2E507-7A57-4E82-8259-6C0B419BC597}
		{6B8668EB-2EEF-4B70-B647-5C16D52E0AFA} = {93E2E507-7A57-4E82-8259-6C0B419BC597}
		{99FE8288-B6F0-49B8-8489-AAFFD36535C7} = {93E2E507-7A57-4E82-8259-6C0B419BC597}
		{BCB8F207-CA02-499E-ABE8-0DF06E7C1416} = {93E2E507-7A57-4E82-8259-6C0B419BC597}
		{C1F7C381-2AC5-4655-9AAA-631D78CFFB04} = {93E2E507-7A57-4E82-8259-6C0B419BC597}
		{82387B1C-4669-49F2-A80A-612B06234D9C} = {93E2E507-7A57-4E82-8259-6C0B419BC597}
		{61EED266-D53D-4DC7-B8D1-878251D6C127} = {93E2E507-7A57-4E82-8259-6C0B419BC597}
		{A7AC0BA3-1DA5-4913-A188-4B10CA08FBC8} = {93E2E507-7A57-4E82-8259-6C0B419BC597}
		{B540729B-508D-42BE-BC23-1E0F07241328} = {93E2E507-7A57-4E82-8259-6C0B419BC597}
		{E324AFAF-53BB-4D4B-9550-C9E1F0C1DA08} = {93E2E507-7A57-4E82-8259-6C0B419BC597}
		{AE264E69-557C-462D-9C6D-36CD35ACBCC5} = {93E2E507-7A57-4E82-8259-6C0B419BC597}
		{19278387-D166-4D67-BBBB-F562A6EF791E} = {93E2E507-7A57-4E82-8259-6C0B419BC597}
		{297C998D-B9B9-4383-B99B-B0A03FEB4FC6} = {B5C7BB3A-3D1A-40B1-87FB-F7BDEEA7538E}
		{2225ABC5-4DAC-4024-A12B-EADF19CB6BF7} = {B5C7BB3A-3D1A-40B1-87FB-F7BDEEA7538E}
		{CC75E26B-3AEB-4CB6-B828-DAAFFE9D60F5} = {0D2BFBE0-9296-4B10-990B-64D1C263F40B}
	EndGlobalSection
EndGlobal
