
Microsoft Visual Studio Solution File, Format Version 12.00
# Visual Studio Version 16
VisualStudioVersion = 16.0.808.2
MinimumVisualStudioVersion = 10.0.40219.1
Project("{FAE04EC0-301F-11D3-BF4B-00C04F79EFBC}") = "MediumAlgorithms", "MediumAlgorithms\MediumAlgorithms.csproj", "{887D9BA0-F263-49FF-8892-A347FA9ECC3F}"
EndProject
Project("{FAE04EC0-301F-11D3-BF4B-00C04F79EFBC}") = "BalancedBrackets", "BalancedBrackets\BalancedBrackets.csproj", "{E730EA29-ACA4-487E-BC59-AC8416434791}"
EndProject
Global
	GlobalSection(SolutionConfigurationPlatforms) = preSolution
		Debug|Any CPU = Debug|Any CPU
		Release|Any CPU = Release|Any CPU
	EndGlobalSection
	GlobalSection(ProjectConfigurationPlatforms) = postSolution
		{887D9BA0-F263-49FF-8892-A347FA9ECC3F}.Debug|Any CPU.ActiveCfg = Debug|Any CPU
		{887D9BA0-F263-49FF-8892-A347FA9ECC3F}.Debug|Any CPU.Build.0 = Debug|Any CPU
		{887D9BA0-F263-49FF-8892-A347FA9ECC3F}.Release|Any CPU.ActiveCfg = Release|Any CPU
		{887D9BA0-F263-49FF-8892-A347FA9ECC3F}.Release|Any CPU.Build.0 = Release|Any CPU
		{E730EA29-ACA4-487E-BC59-AC8416434791}.Debug|Any CPU.ActiveCfg = Debug|Any CPU
		{E730EA29-ACA4-487E-BC59-AC8416434791}.Debug|Any CPU.Build.0 = Debug|Any CPU
		{E730EA29-ACA4-487E-BC59-AC8416434791}.Release|Any CPU.ActiveCfg = Release|Any CPU
		{E730EA29-ACA4-487E-BC59-AC8416434791}.Release|Any CPU.Build.0 = Release|Any CPU
	EndGlobalSection
	GlobalSection(SolutionProperties) = preSolution
		HideSolutionNode = FALSE
	EndGlobalSection
	GlobalSection(ExtensibilityGlobals) = postSolution
		SolutionGuid = {071D5CC1-1EFD-4BCD-B433-1AAF5C74AA6B}
	EndGlobalSection
EndGlobal
