
Microsoft Visual Studio Solution File, Format Version 12.00
# Visual Studio Version 16
VisualStudioVersion = 16.0.808.3
MinimumVisualStudioVersion = 10.0.40219.1
Project("{FAE04EC0-301F-11D3-BF4B-00C04F79EFBC}") = "HardAlgorithms", "HardAlgorithms\HardAlgorithms.csproj", "{C11B3C6A-1820-4202-89FD-99B89FBE683F}"
EndProject
Global
	GlobalSection(SolutionConfigurationPlatforms) = preSolution
		Debug|Any CPU = Debug|Any CPU
		Release|Any CPU = Release|Any CPU
	EndGlobalSection
	GlobalSection(ProjectConfigurationPlatforms) = postSolution
		{C11B3C6A-1820-4202-89FD-99B89FBE683F}.Debug|Any CPU.ActiveCfg = Debug|Any CPU
		{C11B3C6A-1820-4202-89FD-99B89FBE683F}.Debug|Any CPU.Build.0 = Debug|Any CPU
		{C11B3C6A-1820-4202-89FD-99B89FBE683F}.Release|Any CPU.ActiveCfg = Release|Any CPU
		{C11B3C6A-1820-4202-89FD-99B89FBE683F}.Release|Any CPU.Build.0 = Release|Any CPU
	EndGlobalSection
	GlobalSection(SolutionProperties) = preSolution
		HideSolutionNode = FALSE
	EndGlobalSection
	GlobalSection(ExtensibilityGlobals) = postSolution
		SolutionGuid = {E933A582-D1A8-42A7-98CC-8C72B6429284}
	EndGlobalSection
EndGlobal
